
Microsoft Visual Studio Solution File, Format Version 12.00
# Visual Studio Version 17
VisualStudioVersion = 17.14.36511.14 d17.14
MinimumVisualStudioVersion = 10.0.40219.1
Project("{FAE04EC0-301F-11D3-BF4B-00C04F79EFBC}") = "RpgManagerConsole", "RpgManagerConsole\RpgManagerConsole.csproj", "{8F9147BD-2DBB-4F93-99C6-20220C0E3B63}"
EndProject
Project("{FAE04EC0-301F-11D3-BF4B-00C04F79EFBC}") = "RpgManagerLibrary", "RpgManagerLibrary\RpgManagerLibrary.csproj", "{F047D221-B2B7-4C0D-9B09-8B69B205658A}"
EndProject
Global
	GlobalSection(SolutionConfigurationPlatforms) = preSolution
		Debug|Any CPU = Debug|Any CPU
		Release|Any CPU = Release|Any CPU
	EndGlobalSection
	GlobalSection(ProjectConfigurationPlatforms) = postSolution
		{8F9147BD-2DBB-4F93-99C6-20220C0E3B63}.Debug|Any CPU.ActiveCfg = Debug|Any CPU
		{8F9147BD-2DBB-4F93-99C6-20220C0E3B63}.Debug|Any CPU.Build.0 = Debug|Any CPU
		{8F9147BD-2DBB-4F93-99C6-20220C0E3B63}.Release|Any CPU.ActiveCfg = Release|Any CPU
		{8F9147BD-2DBB-4F93-99C6-20220C0E3B63}.Release|Any CPU.Build.0 = Release|Any CPU
		{F047D221-B2B7-4C0D-9B09-8B69B205658A}.Debug|Any CPU.ActiveCfg = Debug|Any CPU
		{F047D221-B2B7-4C0D-9B09-8B69B205658A}.Debug|Any CPU.Build.0 = Debug|Any CPU
		{F047D221-B2B7-4C0D-9B09-8B69B205658A}.Release|Any CPU.ActiveCfg = Release|Any CPU
		{F047D221-B2B7-4C0D-9B09-8B69B205658A}.Release|Any CPU.Build.0 = Release|Any CPU
	EndGlobalSection
	GlobalSection(SolutionProperties) = preSolution
		HideSolutionNode = FALSE
	EndGlobalSection
	GlobalSection(ExtensibilityGlobals) = postSolution
		SolutionGuid = {39C6A1EA-3477-4B17-841B-03932C589DA9}
	EndGlobalSection
EndGlobal
